{
  "nodes": {
    "crane": {
      "locked": {
        "lastModified": 1736898272,
        "narHash": "sha256-D10wlrU/HCpSRcb3a7yk+bU3ggpMD1kGbseKtO+7teo=",
        "owner": "ipetkov",
        "repo": "crane",
        "rev": "6a589f034202a7c6e10bce6c5d1d392d7bc0f340",
        "type": "github"
      },
      "original": {
        "owner": "ipetkov",
        "repo": "crane",
        "type": "github"
      }
    },
    "devenv": {
      "inputs": {
        "nixpkgs": [
          "nixpkgs"
        ],
        "wrapper-manager": "wrapper-manager"
      },
      "locked": {
        "lastModified": 1737118673,
        "narHash": "sha256-iFDcW8BcDu8+07Qyk7JHtt8Dpz2PKlx1XJA8ZvmwTEc=",
        "owner": "jkaye2012",
        "repo": "devenv",
        "rev": "5c83d0ab983cc6c326b92c07b9ce1824da8b89bc",
        "type": "github"
      },
      "original": {
        "owner": "jkaye2012",
        "repo": "devenv",
        "type": "github"
      }
    },
    "fenix": {
      "inputs": {
        "nixpkgs": [
          "nixpkgs"
        ],
        "rust-analyzer-src": "rust-analyzer-src"
      },
      "locked": {
        "lastModified": 1735713283,
        "narHash": "sha256-xC6X49L55xo7AV+pAYclOj5UNWtBo/xx5aB5IehJD0M=",
        "owner": "nix-community",
        "repo": "fenix",
        "rev": "bfba822a4220b0e2c4dc7f36a35e4c8450cd9a9c",
        "type": "github"
      },
      "original": {
        "owner": "nix-community",
        "ref": "monthly",
        "repo": "fenix",
        "type": "github"
      }
    },
    "naersk": {
      "inputs": {
        "nixpkgs": "nixpkgs_2"
      },
      "locked": {
        "lastModified": 1736429655,
        "narHash": "sha256-BwMekRuVlSB9C0QgwKMICiJ5EVbLGjfe4qyueyNQyGI=",
        "owner": "nix-community",
        "repo": "naersk",
        "rev": "0621e47bd95542b8e1ce2ee2d65d6a1f887a13ce",
        "type": "github"
      },
      "original": {
        "owner": "nix-community",
        "repo": "naersk",
        "type": "github"
      }
    },
    "nixpkgs": {
      "locked": {
        "lastModified": 1702151865,
        "narHash": "sha256-9VAt19t6yQa7pHZLDbil/QctAgVsA66DLnzdRGqDisg=",
        "owner": "NixOS",
        "repo": "nixpkgs",
        "rev": "666fc80e7b2afb570462423cb0e1cf1a3a34fedd",
        "type": "github"
      },
      "original": {
        "owner": "NixOS",
        "ref": "nixos-unstable",
        "repo": "nixpkgs",
        "type": "github"
      }
    },
    "nixpkgs_2": {
      "locked": {
        "lastModified": 1737003892,
        "narHash": "sha256-RCzJE9wKByLCXmRBp+z8LK9EgdW+K+W/DXnJS4S/NVo=",
        "owner": "NixOS",
        "repo": "nixpkgs",
        "rev": "ae06b9c2d83cb5c8b12d7d0e32692e93d1379713",
        "type": "github"
      },
      "original": {
        "id": "nixpkgs",
        "type": "indirect"
      }
    },
    "nixpkgs_3": {
      "locked": {
        "lastModified": 1736916166,
        "narHash": "sha256-puPDoVKxkuNmYIGMpMQiK8bEjaACcCksolsG36gdaNQ=",
        "owner": "NixOS",
        "repo": "nixpkgs",
        "rev": "e24b4c09e963677b1beea49d411cd315a024ad3a",
        "type": "github"
      },
      "original": {
        "id": "nixpkgs",
        "ref": "nixos-24.11",
        "type": "indirect"
      }
    },
    "root": {
      "inputs": {
        "crane": "crane",
        "devenv": "devenv",
        "fenix": "fenix",
        "naersk": "naersk",
        "nixpkgs": "nixpkgs_3"
      }
    },
    "rust-analyzer-src": {
      "flake": false,
      "locked": {
        "lastModified": 1735659655,
        "narHash": "sha256-DQgwi3pwaasWWDfNtXIX0lW5KvxQ+qVhxO1J7l68Qcc=",
        "owner": "rust-lang",
        "repo": "rust-analyzer",
        "rev": "085ad107943996c344633d58f26467b05f8e2ff0",
        "type": "github"
      },
      "original": {
        "owner": "rust-lang",
        "ref": "nightly",
        "repo": "rust-analyzer",
        "type": "github"
      }
    },
    "wrapper-manager": {
      "inputs": {
        "nixpkgs": "nixpkgs"
      },
      "locked": {
        "lastModified": 1724503599,
        "narHash": "sha256-WVhNq3QjnG/2mi772CkTxZCQcomKV5S03TbQKwe1Kj4=",
        "owner": "viperML",
        "repo": "wrapper-manager",
        "rev": "c936f9203217e654a6074d206505c16432edbc70",
        "type": "github"
      },
      "original": {
        "owner": "viperML",
        "repo": "wrapper-manager",
        "type": "github"
      }
    }
  },
  "root": "root",
  "version": 7
}
